
Microsoft Visual Studio Solution File, Format Version 12.00
# Visual Studio Version 16
VisualStudioVersion = 16.0.28803.202
MinimumVisualStudioVersion = 10.0.40219.1
Project("{FAE04EC0-301F-11D3-BF4B-00C04F79EFBC}") = "pradip.ASPCORE.com", "pradip.ASPCORE.com\pradip.ASPCORE.com.csproj", "{95949883-1124-44EF-B351-77F1A7999135}"
EndProject
Project("{FAE04EC0-301F-11D3-BF4B-00C04F79EFBC}") = "pradip.ASPCOREMVC", "pradip.ASPCOREMVC\pradip.ASPCOREMVC.csproj", "{7B9EA375-6EA7-4FEC-9378-A0E37FA0ADC8}"
EndProject
Project("{FAE04EC0-301F-11D3-BF4B-00C04F79EFBC}") = "pradip.ASPCOREAngular.com", "pradip.ASPCOREAngular.com\pradip.ASPCOREAngular.com.csproj", "{C6F45807-61ED-46B5-B269-5A1E7986F5D2}"
EndProject
Global
	GlobalSection(SolutionConfigurationPlatforms) = preSolution
		Debug|Any CPU = Debug|Any CPU
		Release|Any CPU = Release|Any CPU
	EndGlobalSection
	GlobalSection(ProjectConfigurationPlatforms) = postSolution
		{95949883-1124-44EF-B351-77F1A7999135}.Debug|Any CPU.ActiveCfg = Debug|Any CPU
		{95949883-1124-44EF-B351-77F1A7999135}.Debug|Any CPU.Build.0 = Debug|Any CPU
		{95949883-1124-44EF-B351-77F1A7999135}.Release|Any CPU.ActiveCfg = Release|Any CPU
		{95949883-1124-44EF-B351-77F1A7999135}.Release|Any CPU.Build.0 = Release|Any CPU
		{7B9EA375-6EA7-4FEC-9378-A0E37FA0ADC8}.Debug|Any CPU.ActiveCfg = Debug|Any CPU
		{7B9EA375-6EA7-4FEC-9378-A0E37FA0ADC8}.Debug|Any CPU.Build.0 = Debug|Any CPU
		{7B9EA375-6EA7-4FEC-9378-A0E37FA0ADC8}.Release|Any CPU.ActiveCfg = Release|Any CPU
		{7B9EA375-6EA7-4FEC-9378-A0E37FA0ADC8}.Release|Any CPU.Build.0 = Release|Any CPU
		{C6F45807-61ED-46B5-B269-5A1E7986F5D2}.Debug|Any CPU.ActiveCfg = Debug|Any CPU
		{C6F45807-61ED-46B5-B269-5A1E7986F5D2}.Debug|Any CPU.Build.0 = Debug|Any CPU
		{C6F45807-61ED-46B5-B269-5A1E7986F5D2}.Release|Any CPU.ActiveCfg = Release|Any CPU
		{C6F45807-61ED-46B5-B269-5A1E7986F5D2}.Release|Any CPU.Build.0 = Release|Any CPU
	EndGlobalSection
	GlobalSection(SolutionProperties) = preSolution
		HideSolutionNode = FALSE
	EndGlobalSection
	GlobalSection(ExtensibilityGlobals) = postSolution
		SolutionGuid = {76F5F7C1-4D00-46D5-8B3B-D924A791F262}
	EndGlobalSection
EndGlobal
